{
  "object": {
    "pins": [
      {
        "package": "BinaryCoder",
        "repositoryURL": "https://github.com/maxharris9/BinaryCoder",
        "state": {
          "branch": null,
          "revision": "32f846b59e90fad50d30ee3a503ad0dbff56b620",
          "version": "1.1.1"
        }
      },
      {
        "package": "Dynamic",
        "repositoryURL": "https://github.com/mhdhejazi/Dynamic.git",
        "state": {
          "branch": "master",
          "revision": "ab9a2570862d54aed2663691bb767f881226a12f",
          "version": null
        }
      }
    ]
  },
  "version": 1
}
