{
  "object": {
    "pins": [
      {
        "package": "BinaryCoder",
        "repositoryURL": "https://github.com/maxharris9/BinaryCoder",
        "state": {
          "branch": null,
          "revision": "03bb2804721a247aa6d6f4db0c5d65ee401abb3c",
          "version": "1.1.2"
        }
      },
      {
        "package": "Dynamic",
        "repositoryURL": "https://github.com/mhdhejazi/Dynamic.git",
        "state": {
          "branch": "master",
          "revision": "ac8f7530b2c5ea75f9a71a450ceec86d7fbdd862",
          "version": null
        }
      }
    ]
  },
  "version": 1
}
