// !$*UTF8*$!
{
	archiveVersion = 1;
	classes = {
	};
	objectVersion = 50;
	objects = {

/* Begin PBXBuildFile section */
		501E676D24D730D10032C7BD /* LargePalette.swift in Sources */ = {isa = PBXBuildFile; fileRef = 501E676C24D730D10032C7BD /* LargePalette.swift */; };
		5059F76B24D40C0D004E7247 /* NewFile.swift in Sources */ = {isa = PBXBuildFile; fileRef = 5059F76A24D40C0C004E7247 /* NewFile.swift */; };
		5059F77424D40F06004E7247 /* AudioPlayer.swift in Sources */ = {isa = PBXBuildFile; fileRef = 5059F76F24D40F06004E7247 /* AudioPlayer.swift */; };
		5059F77524D40F06004E7247 /* Helpers.swift in Sources */ = {isa = PBXBuildFile; fileRef = 5059F77024D40F06004E7247 /* Helpers.swift */; };
		5059F77624D40F06004E7247 /* Extensions.swift in Sources */ = {isa = PBXBuildFile; fileRef = 5059F77124D40F06004E7247 /* Extensions.swift */; };
		5059F77724D40F06004E7247 /* RecordingDataModel.swift in Sources */ = {isa = PBXBuildFile; fileRef = 5059F77224D40F06004E7247 /* RecordingDataModel.swift */; };
		5059F77824D40F06004E7247 /* AudioRecorder.swift in Sources */ = {isa = PBXBuildFile; fileRef = 5059F77324D40F06004E7247 /* AudioRecorder.swift */; };
		5060DB9324C273FE00940927 /* AppDelegate.swift in Sources */ = {isa = PBXBuildFile; fileRef = 5060DB9224C273FE00940927 /* AppDelegate.swift */; };
		5060DB9524C273FE00940927 /* ViewController.swift in Sources */ = {isa = PBXBuildFile; fileRef = 5060DB9424C273FE00940927 /* ViewController.swift */; };
		5060DB9724C2740000940927 /* Assets.xcassets in Resources */ = {isa = PBXBuildFile; fileRef = 5060DB9624C2740000940927 /* Assets.xcassets */; };
		5060DB9A24C2740000940927 /* Main.storyboard in Resources */ = {isa = PBXBuildFile; fileRef = 5060DB9824C2740000940927 /* Main.storyboard */; };
		5095390E24C6224B00A861CB /* AdaptiveBezier.swift in Sources */ = {isa = PBXBuildFile; fileRef = 5095390D24C6224B00A861CB /* AdaptiveBezier.swift */; };
		50C2A6FE24A67F87000F3B93 /* AppDelegate.swift in Sources */ = {isa = PBXBuildFile; fileRef = 50C2A6FD24A67F87000F3B93 /* AppDelegate.swift */; };
		50C2A70024A67F87000F3B93 /* SceneDelegate.swift in Sources */ = {isa = PBXBuildFile; fileRef = 50C2A6FF24A67F87000F3B93 /* SceneDelegate.swift */; };
		50C2A70224A67F87000F3B93 /* ViewController.swift in Sources */ = {isa = PBXBuildFile; fileRef = 50C2A70124A67F87000F3B93 /* ViewController.swift */; };
		50C2A70524A67F87000F3B93 /* Main.storyboard in Resources */ = {isa = PBXBuildFile; fileRef = 50C2A70324A67F87000F3B93 /* Main.storyboard */; };
		50C2A70724A67F8A000F3B93 /* Assets.xcassets in Resources */ = {isa = PBXBuildFile; fileRef = 50C2A70624A67F8A000F3B93 /* Assets.xcassets */; };
		50C2A70A24A67F8A000F3B93 /* LaunchScreen.storyboard in Resources */ = {isa = PBXBuildFile; fileRef = 50C2A70824A67F8A000F3B93 /* LaunchScreen.storyboard */; };
		50C2A71224A68667000F3B93 /* Shaders.metal in Sources */ = {isa = PBXBuildFile; fileRef = 50C2A71124A68667000F3B93 /* Shaders.metal */; };
/* End PBXBuildFile section */

/* Begin PBXFileReference section */
		501E676C24D730D10032C7BD /* LargePalette.swift */ = {isa = PBXFileReference; lastKnownFileType = sourcecode.swift; path = LargePalette.swift; sourceTree = "<group>"; };
		504EFD9124C7DED5008F9334 /* README.md */ = {isa = PBXFileReference; lastKnownFileType = net.daringfireball.markdown; path = README.md; sourceTree = "<group>"; };
		5059F76A24D40C0C004E7247 /* NewFile.swift */ = {isa = PBXFileReference; lastKnownFileType = sourcecode.swift; path = NewFile.swift; sourceTree = "<group>"; };
		5059F76F24D40F06004E7247 /* AudioPlayer.swift */ = {isa = PBXFileReference; fileEncoding = 4; lastKnownFileType = sourcecode.swift; path = AudioPlayer.swift; sourceTree = "<group>"; };
		5059F77024D40F06004E7247 /* Helpers.swift */ = {isa = PBXFileReference; fileEncoding = 4; lastKnownFileType = sourcecode.swift; path = Helpers.swift; sourceTree = "<group>"; };
		5059F77124D40F06004E7247 /* Extensions.swift */ = {isa = PBXFileReference; fileEncoding = 4; lastKnownFileType = sourcecode.swift; path = Extensions.swift; sourceTree = "<group>"; };
		5059F77224D40F06004E7247 /* RecordingDataModel.swift */ = {isa = PBXFileReference; fileEncoding = 4; lastKnownFileType = sourcecode.swift; path = RecordingDataModel.swift; sourceTree = "<group>"; };
		5059F77324D40F06004E7247 /* AudioRecorder.swift */ = {isa = PBXFileReference; fileEncoding = 4; lastKnownFileType = sourcecode.swift; path = AudioRecorder.swift; sourceTree = "<group>"; };
		5060DB9024C273FE00940927 /* BareMetal.app.app */ = {isa = PBXFileReference; explicitFileType = wrapper.application; includeInIndex = 0; path = BareMetal.app.app; sourceTree = BUILT_PRODUCTS_DIR; };
		5060DB9224C273FE00940927 /* AppDelegate.swift */ = {isa = PBXFileReference; lastKnownFileType = sourcecode.swift; path = AppDelegate.swift; sourceTree = "<group>"; };
		5060DB9424C273FE00940927 /* ViewController.swift */ = {isa = PBXFileReference; lastKnownFileType = sourcecode.swift; path = ViewController.swift; sourceTree = "<group>"; };
		5060DB9624C2740000940927 /* Assets.xcassets */ = {isa = PBXFileReference; lastKnownFileType = folder.assetcatalog; path = Assets.xcassets; sourceTree = "<group>"; };
		5060DB9924C2740000940927 /* Base */ = {isa = PBXFileReference; lastKnownFileType = file.storyboard; name = Base; path = Base.lproj/Main.storyboard; sourceTree = "<group>"; };
		5060DB9B24C2740000940927 /* Info.plist */ = {isa = PBXFileReference; lastKnownFileType = text.plist.xml; path = Info.plist; sourceTree = "<group>"; };
		5060DB9C24C2740000940927 /* BareMetal_app.entitlements */ = {isa = PBXFileReference; lastKnownFileType = text.plist.entitlements; path = BareMetal_app.entitlements; sourceTree = "<group>"; };
		5060DBA024C2742600940927 /* BareMetal.entitlements */ = {isa = PBXFileReference; lastKnownFileType = text.plist.entitlements; path = BareMetal.entitlements; sourceTree = "<group>"; };
		5095390D24C6224B00A861CB /* AdaptiveBezier.swift */ = {isa = PBXFileReference; lastKnownFileType = sourcecode.swift; path = AdaptiveBezier.swift; sourceTree = "<group>"; };
		50C2A6FA24A67F87000F3B93 /* BareMetal.app */ = {isa = PBXFileReference; explicitFileType = wrapper.application; includeInIndex = 0; path = BareMetal.app; sourceTree = BUILT_PRODUCTS_DIR; };
		50C2A6FD24A67F87000F3B93 /* AppDelegate.swift */ = {isa = PBXFileReference; lastKnownFileType = sourcecode.swift; path = AppDelegate.swift; sourceTree = "<group>"; };
		50C2A6FF24A67F87000F3B93 /* SceneDelegate.swift */ = {isa = PBXFileReference; lastKnownFileType = sourcecode.swift; path = SceneDelegate.swift; sourceTree = "<group>"; };
		50C2A70124A67F87000F3B93 /* ViewController.swift */ = {isa = PBXFileReference; lastKnownFileType = sourcecode.swift; path = ViewController.swift; sourceTree = "<group>"; };
		50C2A70424A67F87000F3B93 /* Base */ = {isa = PBXFileReference; lastKnownFileType = file.storyboard; name = Base; path = Base.lproj/Main.storyboard; sourceTree = "<group>"; };
		50C2A70624A67F8A000F3B93 /* Assets.xcassets */ = {isa = PBXFileReference; lastKnownFileType = folder.assetcatalog; path = Assets.xcassets; sourceTree = "<group>"; };
		50C2A70924A67F8A000F3B93 /* Base */ = {isa = PBXFileReference; lastKnownFileType = file.storyboard; name = Base; path = Base.lproj/LaunchScreen.storyboard; sourceTree = "<group>"; };
		50C2A70B24A67F8A000F3B93 /* Info.plist */ = {isa = PBXFileReference; lastKnownFileType = text.plist.xml; path = Info.plist; sourceTree = "<group>"; };
		50C2A71124A68667000F3B93 /* Shaders.metal */ = {isa = PBXFileReference; lastKnownFileType = sourcecode.metal; path = Shaders.metal; sourceTree = "<group>"; };
/* End PBXFileReference section */

/* Begin PBXFrameworksBuildPhase section */
		5060DB8D24C273FE00940927 /* Frameworks */ = {
			isa = PBXFrameworksBuildPhase;
			buildActionMask = 2147483647;
			files = (
			);
			runOnlyForDeploymentPostprocessing = 0;
		};
		50C2A6F724A67F87000F3B93 /* Frameworks */ = {
			isa = PBXFrameworksBuildPhase;
			buildActionMask = 2147483647;
			files = (
			);
			runOnlyForDeploymentPostprocessing = 0;
		};
/* End PBXFrameworksBuildPhase section */

/* Begin PBXGroup section */
		502160AE24C8222C00A658D1 /* Storyboard */ = {
			isa = PBXGroup;
			children = (
				50C2A70624A67F8A000F3B93 /* Assets.xcassets */,
				50C2A70824A67F8A000F3B93 /* LaunchScreen.storyboard */,
				50C2A70324A67F87000F3B93 /* Main.storyboard */,
			);
			path = Storyboard;
			sourceTree = "<group>";
		};
		5059F76E24D40F06004E7247 /* Audio */ = {
			isa = PBXGroup;
			children = (
				5059F76F24D40F06004E7247 /* AudioPlayer.swift */,
				5059F77024D40F06004E7247 /* Helpers.swift */,
				5059F77124D40F06004E7247 /* Extensions.swift */,
				5059F77224D40F06004E7247 /* RecordingDataModel.swift */,
				5059F77324D40F06004E7247 /* AudioRecorder.swift */,
			);
			path = Audio;
			sourceTree = "<group>";
		};
		5060DB9124C273FE00940927 /* BareMetal.app */ = {
			isa = PBXGroup;
			children = (
				5060DB9224C273FE00940927 /* AppDelegate.swift */,
				5060DB9424C273FE00940927 /* ViewController.swift */,
				5060DB9624C2740000940927 /* Assets.xcassets */,
				5060DB9824C2740000940927 /* Main.storyboard */,
				5060DB9B24C2740000940927 /* Info.plist */,
				5060DB9C24C2740000940927 /* BareMetal_app.entitlements */,
			);
			path = BareMetal.app;
			sourceTree = "<group>";
		};
		50C2A6F124A67F87000F3B93 = {
			isa = PBXGroup;
			children = (
				50C2A6FC24A67F87000F3B93 /* BareMetal */,
				5060DB9124C273FE00940927 /* BareMetal.app */,
				50C2A6FB24A67F87000F3B93 /* Products */,
			);
			sourceTree = "<group>";
		};
		50C2A6FB24A67F87000F3B93 /* Products */ = {
			isa = PBXGroup;
			children = (
				50C2A6FA24A67F87000F3B93 /* BareMetal.app */,
				5060DB9024C273FE00940927 /* BareMetal.app.app */,
			);
			name = Products;
			sourceTree = "<group>";
		};
		50C2A6FC24A67F87000F3B93 /* BareMetal */ = {
			isa = PBXGroup;
			children = (
				5059F76E24D40F06004E7247 /* Audio */,
				502160AE24C8222C00A658D1 /* Storyboard */,
				5060DBA024C2742600940927 /* BareMetal.entitlements */,
				50C2A6FD24A67F87000F3B93 /* AppDelegate.swift */,
				50C2A6FF24A67F87000F3B93 /* SceneDelegate.swift */,
				50C2A70124A67F87000F3B93 /* ViewController.swift */,
				50C2A70B24A67F8A000F3B93 /* Info.plist */,
				50C2A71124A68667000F3B93 /* Shaders.metal */,
				5095390D24C6224B00A861CB /* AdaptiveBezier.swift */,
				504EFD9124C7DED5008F9334 /* README.md */,
				5059F76A24D40C0C004E7247 /* NewFile.swift */,
				501E676C24D730D10032C7BD /* LargePalette.swift */,
			);
			path = BareMetal;
			sourceTree = "<group>";
		};
/* End PBXGroup section */

/* Begin PBXNativeTarget section */
		5060DB8F24C273FE00940927 /* BareMetal.app */ = {
			isa = PBXNativeTarget;
			buildConfigurationList = 5060DB9D24C2740000940927 /* Build configuration list for PBXNativeTarget "BareMetal.app" */;
			buildPhases = (
				5060DB8C24C273FE00940927 /* Sources */,
				5060DB8D24C273FE00940927 /* Frameworks */,
				5060DB8E24C273FE00940927 /* Resources */,
			);
			buildRules = (
			);
			dependencies = (
			);
			name = BareMetal.app;
			productName = BareMetal.app;
			productReference = 5060DB9024C273FE00940927 /* BareMetal.app.app */;
			productType = "com.apple.product-type.application";
		};
		50C2A6F924A67F87000F3B93 /* BareMetal */ = {
			isa = PBXNativeTarget;
			buildConfigurationList = 50C2A70E24A67F8A000F3B93 /* Build configuration list for PBXNativeTarget "BareMetal" */;
			buildPhases = (
				50C2A6F624A67F87000F3B93 /* Sources */,
				50C2A6F724A67F87000F3B93 /* Frameworks */,
				50C2A6F824A67F87000F3B93 /* Resources */,
			);
			buildRules = (
			);
			dependencies = (
			);
			name = BareMetal;
			productName = BareMetal;
			productReference = 50C2A6FA24A67F87000F3B93 /* BareMetal.app */;
			productType = "com.apple.product-type.application";
		};
/* End PBXNativeTarget section */

/* Begin PBXProject section */
		50C2A6F224A67F87000F3B93 /* Project object */ = {
			isa = PBXProject;
			attributes = {
				LastSwiftUpdateCheck = 1130;
				LastUpgradeCheck = 1130;
				ORGANIZATIONNAME = "Max Harris";
				TargetAttributes = {
					5060DB8F24C273FE00940927 = {
						CreatedOnToolsVersion = 11.3.1;
					};
					50C2A6F924A67F87000F3B93 = {
						CreatedOnToolsVersion = 11.3.1;
					};
				};
			};
			buildConfigurationList = 50C2A6F524A67F87000F3B93 /* Build configuration list for PBXProject "BareMetal" */;
			compatibilityVersion = "Xcode 9.3";
			developmentRegion = en;
			hasScannedForEncodings = 0;
			knownRegions = (
				en,
				Base,
			);
			mainGroup = 50C2A6F124A67F87000F3B93;
			productRefGroup = 50C2A6FB24A67F87000F3B93 /* Products */;
			projectDirPath = "";
			projectRoot = "";
			targets = (
				50C2A6F924A67F87000F3B93 /* BareMetal */,
				5060DB8F24C273FE00940927 /* BareMetal.app */,
			);
		};
/* End PBXProject section */

/* Begin PBXResourcesBuildPhase section */
		5060DB8E24C273FE00940927 /* Resources */ = {
			isa = PBXResourcesBuildPhase;
			buildActionMask = 2147483647;
			files = (
				5060DB9724C2740000940927 /* Assets.xcassets in Resources */,
				5060DB9A24C2740000940927 /* Main.storyboard in Resources */,
			);
			runOnlyForDeploymentPostprocessing = 0;
		};
		50C2A6F824A67F87000F3B93 /* Resources */ = {
			isa = PBXResourcesBuildPhase;
			buildActionMask = 2147483647;
			files = (
				50C2A70A24A67F8A000F3B93 /* LaunchScreen.storyboard in Resources */,
				50C2A70724A67F8A000F3B93 /* Assets.xcassets in Resources */,
				50C2A70524A67F87000F3B93 /* Main.storyboard in Resources */,
			);
			runOnlyForDeploymentPostprocessing = 0;
		};
/* End PBXResourcesBuildPhase section */

/* Begin PBXSourcesBuildPhase section */
		5060DB8C24C273FE00940927 /* Sources */ = {
			isa = PBXSourcesBuildPhase;
			buildActionMask = 2147483647;
			files = (
				5060DB9524C273FE00940927 /* ViewController.swift in Sources */,
				5060DB9324C273FE00940927 /* AppDelegate.swift in Sources */,
			);
			runOnlyForDeploymentPostprocessing = 0;
		};
		50C2A6F624A67F87000F3B93 /* Sources */ = {
			isa = PBXSourcesBuildPhase;
			buildActionMask = 2147483647;
			files = (
				50C2A70224A67F87000F3B93 /* ViewController.swift in Sources */,
				5059F77724D40F06004E7247 /* RecordingDataModel.swift in Sources */,
				5059F77624D40F06004E7247 /* Extensions.swift in Sources */,
				501E676D24D730D10032C7BD /* LargePalette.swift in Sources */,
				50C2A71224A68667000F3B93 /* Shaders.metal in Sources */,
				5059F76B24D40C0D004E7247 /* NewFile.swift in Sources */,
				5059F77824D40F06004E7247 /* AudioRecorder.swift in Sources */,
				5059F77524D40F06004E7247 /* Helpers.swift in Sources */,
				50C2A6FE24A67F87000F3B93 /* AppDelegate.swift in Sources */,
				50C2A70024A67F87000F3B93 /* SceneDelegate.swift in Sources */,
				5095390E24C6224B00A861CB /* AdaptiveBezier.swift in Sources */,
				5059F77424D40F06004E7247 /* AudioPlayer.swift in Sources */,
			);
			runOnlyForDeploymentPostprocessing = 0;
		};
/* End PBXSourcesBuildPhase section */

/* Begin PBXVariantGroup section */
		5060DB9824C2740000940927 /* Main.storyboard */ = {
			isa = PBXVariantGroup;
			children = (
				5060DB9924C2740000940927 /* Base */,
			);
			name = Main.storyboard;
			sourceTree = "<group>";
		};
		50C2A70324A67F87000F3B93 /* Main.storyboard */ = {
			isa = PBXVariantGroup;
			children = (
				50C2A70424A67F87000F3B93 /* Base */,
			);
			name = Main.storyboard;
			sourceTree = "<group>";
		};
		50C2A70824A67F8A000F3B93 /* LaunchScreen.storyboard */ = {
			isa = PBXVariantGroup;
			children = (
				50C2A70924A67F8A000F3B93 /* Base */,
			);
			name = LaunchScreen.storyboard;
			sourceTree = "<group>";
		};
/* End PBXVariantGroup section */

/* Begin XCBuildConfiguration section */
		5060DB9E24C2740000940927 /* Debug */ = {
			isa = XCBuildConfiguration;
			buildSettings = {
				ASSETCATALOG_COMPILER_APPICON_NAME = AppIcon;
				CODE_SIGN_ENTITLEMENTS = BareMetal.app/BareMetal_app.entitlements;
				CODE_SIGN_IDENTITY = "-";
				CODE_SIGN_STYLE = Automatic;
				COMBINE_HIDPI_IMAGES = YES;
				DEVELOPMENT_TEAM = D2LEWKHUL9;
				ENABLE_HARDENED_RUNTIME = YES;
				INFOPLIST_FILE = BareMetal.app/Info.plist;
				LD_RUNPATH_SEARCH_PATHS = (
					"$(inherited)",
					"@executable_path/../Frameworks",
				);
				MACOSX_DEPLOYMENT_TARGET = 10.15;
				PRODUCT_BUNDLE_IDENTIFIER = "test.BareMetal-app";
				PRODUCT_NAME = "$(TARGET_NAME)";
				SDKROOT = macosx;
				SWIFT_VERSION = 5.0;
			};
			name = Debug;
		};
		5060DB9F24C2740000940927 /* Release */ = {
			isa = XCBuildConfiguration;
			buildSettings = {
				ASSETCATALOG_COMPILER_APPICON_NAME = AppIcon;
				CODE_SIGN_ENTITLEMENTS = BareMetal.app/BareMetal_app.entitlements;
				CODE_SIGN_IDENTITY = "-";
				CODE_SIGN_STYLE = Automatic;
				COMBINE_HIDPI_IMAGES = YES;
				DEVELOPMENT_TEAM = D2LEWKHUL9;
				ENABLE_HARDENED_RUNTIME = YES;
				INFOPLIST_FILE = BareMetal.app/Info.plist;
				LD_RUNPATH_SEARCH_PATHS = (
					"$(inherited)",
					"@executable_path/../Frameworks",
				);
				MACOSX_DEPLOYMENT_TARGET = 10.15;
				PRODUCT_BUNDLE_IDENTIFIER = "test.BareMetal-app";
				PRODUCT_NAME = "$(TARGET_NAME)";
				SDKROOT = macosx;
				SWIFT_VERSION = 5.0;
			};
			name = Release;
		};
		50C2A70C24A67F8A000F3B93 /* Debug */ = {
			isa = XCBuildConfiguration;
			buildSettings = {
				ALWAYS_SEARCH_USER_PATHS = NO;
				CLANG_ANALYZER_NONNULL = YES;
				CLANG_ANALYZER_NUMBER_OBJECT_CONVERSION = YES_AGGRESSIVE;
				CLANG_CXX_LANGUAGE_STANDARD = "gnu++14";
				CLANG_CXX_LIBRARY = "libc++";
				CLANG_ENABLE_MODULES = YES;
				CLANG_ENABLE_OBJC_ARC = YES;
				CLANG_ENABLE_OBJC_WEAK = YES;
				CLANG_WARN_BLOCK_CAPTURE_AUTORELEASING = YES;
				CLANG_WARN_BOOL_CONVERSION = YES;
				CLANG_WARN_COMMA = YES;
				CLANG_WARN_CONSTANT_CONVERSION = YES;
				CLANG_WARN_DEPRECATED_OBJC_IMPLEMENTATIONS = YES;
				CLANG_WARN_DIRECT_OBJC_ISA_USAGE = YES_ERROR;
				CLANG_WARN_DOCUMENTATION_COMMENTS = YES;
				CLANG_WARN_EMPTY_BODY = YES;
				CLANG_WARN_ENUM_CONVERSION = YES;
				CLANG_WARN_INFINITE_RECURSION = YES;
				CLANG_WARN_INT_CONVERSION = YES;
				CLANG_WARN_NON_LITERAL_NULL_CONVERSION = YES;
				CLANG_WARN_OBJC_IMPLICIT_RETAIN_SELF = YES;
				CLANG_WARN_OBJC_LITERAL_CONVERSION = YES;
				CLANG_WARN_OBJC_ROOT_CLASS = YES_ERROR;
				CLANG_WARN_RANGE_LOOP_ANALYSIS = YES;
				CLANG_WARN_STRICT_PROTOTYPES = YES;
				CLANG_WARN_SUSPICIOUS_MOVE = YES;
				CLANG_WARN_UNGUARDED_AVAILABILITY = YES_AGGRESSIVE;
				CLANG_WARN_UNREACHABLE_CODE = YES;
				CLANG_WARN__DUPLICATE_METHOD_MATCH = YES;
				COPY_PHASE_STRIP = NO;
				DEBUG_INFORMATION_FORMAT = dwarf;
				ENABLE_STRICT_OBJC_MSGSEND = YES;
				ENABLE_TESTABILITY = YES;
				GCC_C_LANGUAGE_STANDARD = gnu11;
				GCC_DYNAMIC_NO_PIC = NO;
				GCC_NO_COMMON_BLOCKS = YES;
				GCC_OPTIMIZATION_LEVEL = 0;
				GCC_PREPROCESSOR_DEFINITIONS = (
					"DEBUG=1",
					"$(inherited)",
				);
				GCC_WARN_64_TO_32_BIT_CONVERSION = YES;
				GCC_WARN_ABOUT_RETURN_TYPE = YES_ERROR;
				GCC_WARN_UNDECLARED_SELECTOR = YES;
				GCC_WARN_UNINITIALIZED_AUTOS = YES_AGGRESSIVE;
				GCC_WARN_UNUSED_FUNCTION = YES;
				GCC_WARN_UNUSED_VARIABLE = YES;
				IPHONEOS_DEPLOYMENT_TARGET = 13.2;
				MTL_ENABLE_DEBUG_INFO = INCLUDE_SOURCE;
				MTL_FAST_MATH = YES;
				ONLY_ACTIVE_ARCH = YES;
				SDKROOT = iphoneos;
				SWIFT_ACTIVE_COMPILATION_CONDITIONS = DEBUG;
				SWIFT_OPTIMIZATION_LEVEL = "-Onone";
			};
			name = Debug;
		};
		50C2A70D24A67F8A000F3B93 /* Release */ = {
			isa = XCBuildConfiguration;
			buildSettings = {
				ALWAYS_SEARCH_USER_PATHS = NO;
				CLANG_ANALYZER_NONNULL = YES;
				CLANG_ANALYZER_NUMBER_OBJECT_CONVERSION = YES_AGGRESSIVE;
				CLANG_CXX_LANGUAGE_STANDARD = "gnu++14";
				CLANG_CXX_LIBRARY = "libc++";
				CLANG_ENABLE_MODULES = YES;
				CLANG_ENABLE_OBJC_ARC = YES;
				CLANG_ENABLE_OBJC_WEAK = YES;
				CLANG_WARN_BLOCK_CAPTURE_AUTORELEASING = YES;
				CLANG_WARN_BOOL_CONVERSION = YES;
				CLANG_WARN_COMMA = YES;
				CLANG_WARN_CONSTANT_CONVERSION = YES;
				CLANG_WARN_DEPRECATED_OBJC_IMPLEMENTATIONS = YES;
				CLANG_WARN_DIRECT_OBJC_ISA_USAGE = YES_ERROR;
				CLANG_WARN_DOCUMENTATION_COMMENTS = YES;
				CLANG_WARN_EMPTY_BODY = YES;
				CLANG_WARN_ENUM_CONVERSION = YES;
				CLANG_WARN_INFINITE_RECURSION = YES;
				CLANG_WARN_INT_CONVERSION = YES;
				CLANG_WARN_NON_LITERAL_NULL_CONVERSION = YES;
				CLANG_WARN_OBJC_IMPLICIT_RETAIN_SELF = YES;
				CLANG_WARN_OBJC_LITERAL_CONVERSION = YES;
				CLANG_WARN_OBJC_ROOT_CLASS = YES_ERROR;
				CLANG_WARN_RANGE_LOOP_ANALYSIS = YES;
				CLANG_WARN_STRICT_PROTOTYPES = YES;
				CLANG_WARN_SUSPICIOUS_MOVE = YES;
				CLANG_WARN_UNGUARDED_AVAILABILITY = YES_AGGRESSIVE;
				CLANG_WARN_UNREACHABLE_CODE = YES;
				CLANG_WARN__DUPLICATE_METHOD_MATCH = YES;
				COPY_PHASE_STRIP = NO;
				DEBUG_INFORMATION_FORMAT = "dwarf-with-dsym";
				ENABLE_NS_ASSERTIONS = NO;
				ENABLE_STRICT_OBJC_MSGSEND = YES;
				GCC_C_LANGUAGE_STANDARD = gnu11;
				GCC_NO_COMMON_BLOCKS = YES;
				GCC_WARN_64_TO_32_BIT_CONVERSION = YES;
				GCC_WARN_ABOUT_RETURN_TYPE = YES_ERROR;
				GCC_WARN_UNDECLARED_SELECTOR = YES;
				GCC_WARN_UNINITIALIZED_AUTOS = YES_AGGRESSIVE;
				GCC_WARN_UNUSED_FUNCTION = YES;
				GCC_WARN_UNUSED_VARIABLE = YES;
				IPHONEOS_DEPLOYMENT_TARGET = 13.2;
				MTL_ENABLE_DEBUG_INFO = NO;
				MTL_FAST_MATH = YES;
				SDKROOT = iphoneos;
				SWIFT_COMPILATION_MODE = wholemodule;
				SWIFT_OPTIMIZATION_LEVEL = "-O";
				VALIDATE_PRODUCT = YES;
			};
			name = Release;
		};
		50C2A70F24A67F8A000F3B93 /* Debug */ = {
			isa = XCBuildConfiguration;
			buildSettings = {
				ASSETCATALOG_COMPILER_APPICON_NAME = AppIcon;
				CODE_SIGN_ENTITLEMENTS = BareMetal/BareMetal.entitlements;
				"CODE_SIGN_IDENTITY[sdk=macosx*]" = "Apple Development";
				CODE_SIGN_STYLE = Automatic;
				DERIVE_MACCATALYST_PRODUCT_BUNDLE_IDENTIFIER = YES;
				DEVELOPMENT_TEAM = D2LEWKHUL9;
				INFOPLIST_FILE = BareMetal/Info.plist;
				LD_RUNPATH_SEARCH_PATHS = (
					"$(inherited)",
					"@executable_path/Frameworks",
				);
				PRODUCT_BUNDLE_IDENTIFIER = test.BareMetal;
				PRODUCT_NAME = "$(TARGET_NAME)";
				SUPPORTS_MACCATALYST = YES;
				SWIFT_VERSION = 5.0;
				TARGETED_DEVICE_FAMILY = "1,2";
			};
			name = Debug;
		};
		50C2A71024A67F8A000F3B93 /* Release */ = {
			isa = XCBuildConfiguration;
			buildSettings = {
				ASSETCATALOG_COMPILER_APPICON_NAME = AppIcon;
				CODE_SIGN_ENTITLEMENTS = BareMetal/BareMetal.entitlements;
				"CODE_SIGN_IDENTITY[sdk=macosx*]" = "Apple Development";
				CODE_SIGN_STYLE = Automatic;
				DERIVE_MACCATALYST_PRODUCT_BUNDLE_IDENTIFIER = YES;
				DEVELOPMENT_TEAM = D2LEWKHUL9;
				INFOPLIST_FILE = BareMetal/Info.plist;
				LD_RUNPATH_SEARCH_PATHS = (
					"$(inherited)",
					"@executable_path/Frameworks",
				);
				PRODUCT_BUNDLE_IDENTIFIER = test.BareMetal;
				PRODUCT_NAME = "$(TARGET_NAME)";
				SUPPORTS_MACCATALYST = YES;
				SWIFT_VERSION = 5.0;
				TARGETED_DEVICE_FAMILY = "1,2";
			};
			name = Release;
		};
/* End XCBuildConfiguration section */

/* Begin XCConfigurationList section */
		5060DB9D24C2740000940927 /* Build configuration list for PBXNativeTarget "BareMetal.app" */ = {
			isa = XCConfigurationList;
			buildConfigurations = (
				5060DB9E24C2740000940927 /* Debug */,
				5060DB9F24C2740000940927 /* Release */,
			);
			defaultConfigurationIsVisible = 0;
			defaultConfigurationName = Release;
		};
		50C2A6F524A67F87000F3B93 /* Build configuration list for PBXProject "BareMetal" */ = {
			isa = XCConfigurationList;
			buildConfigurations = (
				50C2A70C24A67F8A000F3B93 /* Debug */,
				50C2A70D24A67F8A000F3B93 /* Release */,
			);
			defaultConfigurationIsVisible = 0;
			defaultConfigurationName = Release;
		};
		50C2A70E24A67F8A000F3B93 /* Build configuration list for PBXNativeTarget "BareMetal" */ = {
			isa = XCConfigurationList;
			buildConfigurations = (
				50C2A70F24A67F8A000F3B93 /* Debug */,
				50C2A71024A67F8A000F3B93 /* Release */,
			);
			defaultConfigurationIsVisible = 0;
			defaultConfigurationName = Release;
		};
/* End XCConfigurationList section */
	};
	rootObject = 50C2A6F224A67F87000F3B93 /* Project object */;
}
